{
  "nodes": {
    "matejascv": {
      "inputs": {
        "nixpkgs": [
          "nixpkgs"
        ]
      },
      "locked": {
        "lastModified": 1712775290,
        "narHash": "sha256-SHNvzxFZ3aMeec209Oo9FIdO+vFyKOklFVOXjzWDG4s=",
        "owner": "MatejaMaric",
        "repo": "cv",
        "rev": "edd79a133705536b62983372298f2dbcafac80b6",
        "type": "github"
      },
      "original": {
        "owner": "MatejaMaric",
        "repo": "cv",
        "type": "github"
      }
    },
    "nixpkgs": {
      "locked": {
        "lastModified": 1711668574,
        "narHash": "sha256-u1dfs0ASQIEr1icTVrsKwg2xToIpn7ZXxW3RHfHxshg=",
        "owner": "NixOS",
        "repo": "nixpkgs",
        "rev": "219951b495fc2eac67b1456824cc1ec1fd2ee659",
        "type": "github"
      },
      "original": {
        "id": "nixpkgs",
        "ref": "nixos-23.11",
        "type": "indirect"
      }
    },
    "root": {
      "inputs": {
        "matejascv": "matejascv",
        "nixpkgs": "nixpkgs"
      }
    }
  },
  "root": "root",
  "version": 7
}
